
Microsoft Visual Studio Solution File, Format Version 12.00
# Visual Studio 15
VisualStudioVersion = 15.0.28307.757
MinimumVisualStudioVersion = 10.0.40219.1
Project("{FAE04EC0-301F-11D3-BF4B-00C04F79EFBC}") = "Lexical Analyzer", "Lexical Analyzer\Lexical Analyzer.csproj", "{D176639F-6C11-4A92-A99F-1064FBADE744}"
EndProject
Global
	GlobalSection(SolutionConfigurationPlatforms) = preSolution
		Debug|Any CPU = Debug|Any CPU
		Release|Any CPU = Release|Any CPU
	EndGlobalSection
	GlobalSection(ProjectConfigurationPlatforms) = postSolution
		{D176639F-6C11-4A92-A99F-1064FBADE744}.Debug|Any CPU.ActiveCfg = Debug|Any CPU
		{D176639F-6C11-4A92-A99F-1064FBADE744}.Debug|Any CPU.Build.0 = Debug|Any CPU
		{D176639F-6C11-4A92-A99F-1064FBADE744}.Release|Any CPU.ActiveCfg = Release|Any CPU
		{D176639F-6C11-4A92-A99F-1064FBADE744}.Release|Any CPU.Build.0 = Release|Any CPU
	EndGlobalSection
	GlobalSection(SolutionProperties) = preSolution
		HideSolutionNode = FALSE
	EndGlobalSection
	GlobalSection(ExtensibilityGlobals) = postSolution
		SolutionGuid = {CB63DDB3-96E9-4599-AAEB-878583703394}
	EndGlobalSection
EndGlobal
